
Microsoft Visual Studio Solution File, Format Version 12.00
# Visual Studio Version 17
VisualStudioVersion = 17.4.33110.190
MinimumVisualStudioVersion = 10.0.40219.1
Project("{FAE04EC0-301F-11D3-BF4B-00C04F79EFBC}") = "SimbirGO", "SimbirGO\SimbirGO.csproj", "{8B99524E-EC64-4B42-B2ED-069B29519321}"
EndProject
Global
	GlobalSection(SolutionConfigurationPlatforms) = preSolution
		Debug|Any CPU = Debug|Any CPU
		Release|Any CPU = Release|Any CPU
	EndGlobalSection
	GlobalSection(ProjectConfigurationPlatforms) = postSolution
		{8B99524E-EC64-4B42-B2ED-069B29519321}.Debug|Any CPU.ActiveCfg = Debug|Any CPU
		{8B99524E-EC64-4B42-B2ED-069B29519321}.Debug|Any CPU.Build.0 = Debug|Any CPU
		{8B99524E-EC64-4B42-B2ED-069B29519321}.Release|Any CPU.ActiveCfg = Release|Any CPU
		{8B99524E-EC64-4B42-B2ED-069B29519321}.Release|Any CPU.Build.0 = Release|Any CPU
	EndGlobalSection
	GlobalSection(SolutionProperties) = preSolution
		HideSolutionNode = FALSE
	EndGlobalSection
	GlobalSection(ExtensibilityGlobals) = postSolution
		SolutionGuid = {967E5F9C-8A20-4A47-9924-A40F4B446ACF}
	EndGlobalSection
EndGlobal
